
Microsoft Visual Studio Solution File, Format Version 12.00
# Visual Studio Version 16
VisualStudioVersion = 16.0.28803.452
MinimumVisualStudioVersion = 10.0.40219.1
Project("{9A19103F-16F7-4668-BE54-9A1E7A4F7556}") = "Common", "Common.csproj", "{39C7B76C-A051-4081-80DB-3E8A04D60715}"
EndProject
Global
	GlobalSection(SolutionConfigurationPlatforms) = preSolution
		Debug|Any CPU = Debug|Any CPU
		Release|Any CPU = Release|Any CPU
	EndGlobalSection
	GlobalSection(ProjectConfigurationPlatforms) = postSolution
		{39C7B76C-A051-4081-80DB-3E8A04D60715}.Debug|Any CPU.ActiveCfg = Debug|Any CPU
		{39C7B76C-A051-4081-80DB-3E8A04D60715}.Debug|Any CPU.Build.0 = Debug|Any CPU
		{39C7B76C-A051-4081-80DB-3E8A04D60715}.Release|Any CPU.ActiveCfg = Release|Any CPU
		{39C7B76C-A051-4081-80DB-3E8A04D60715}.Release|Any CPU.Build.0 = Release|Any CPU
	EndGlobalSection
	GlobalSection(SolutionProperties) = preSolution
		HideSolutionNode = FALSE
	EndGlobalSection
	GlobalSection(ExtensibilityGlobals) = postSolution
		SolutionGuid = {230ADE9A-4012-4442-A8EC-5A25780F37BE}
	EndGlobalSection
EndGlobal
